
Microsoft Visual Studio Solution File, Format Version 12.00
# Visual Studio 15
VisualStudioVersion = 15.0.28307.572
MinimumVisualStudioVersion = 10.0.40219.1
Project("{FAE04EC0-301F-11D3-BF4B-00C04F79EFBC}") = "TP1_Espinola", "TP1_Espinola\TP1_Espinola.csproj", "{A03BCC8E-39E6-42E0-951F-14C70F822533}"
EndProject
Global
	GlobalSection(SolutionConfigurationPlatforms) = preSolution
		Debug|Any CPU = Debug|Any CPU
		Release|Any CPU = Release|Any CPU
	EndGlobalSection
	GlobalSection(ProjectConfigurationPlatforms) = postSolution
		{A03BCC8E-39E6-42E0-951F-14C70F822533}.Debug|Any CPU.ActiveCfg = Debug|Any CPU
		{A03BCC8E-39E6-42E0-951F-14C70F822533}.Debug|Any CPU.Build.0 = Debug|Any CPU
		{A03BCC8E-39E6-42E0-951F-14C70F822533}.Release|Any CPU.ActiveCfg = Release|Any CPU
		{A03BCC8E-39E6-42E0-951F-14C70F822533}.Release|Any CPU.Build.0 = Release|Any CPU
	EndGlobalSection
	GlobalSection(SolutionProperties) = preSolution
		HideSolutionNode = FALSE
	EndGlobalSection
	GlobalSection(ExtensibilityGlobals) = postSolution
		SolutionGuid = {6F4FC8CC-5B6B-4489-AA1F-7372F7BDC64A}
	EndGlobalSection
EndGlobal
